{
  "name": "akintunde-portfolio",
  "version": "2.0.0",
  "lockfileVersion": 3,
  "requires": true,
  "packages": {
    "": {
      "name": "akintunde-portfolio",
      "version": "2.0.0",
      "dependencies": {
        "nodemailer": "10.0.16",
        "tinymce": "7.9.3"
      }
    },
    "node_modules/nodemailer": {
      "version": "10.0.16",
      "resolved": "https://registry.npmjs.org/nodemailer/-/nodemailer-10.0.16.tgz",
      "integrity": "sha512-VL9xKErxN+el77o8eBOuYKUPMyEx7F9hfnDCuiUKJRp9v3wnWMOudYgP/SWbwSHy8rUL4cylobuXtki1LpQS7A==",
      "license": "MIT-0",
      "engines": {
        "node": ">=20.0.0"
      }
    },
    "node_modules/tinymce": {
      "version": "7.9.3",
      "resolved": "https://registry.npmjs.org/tinymce/-/tinymce-7.9.3.tgz",
      "integrity": "sha512-Mtm54U5YJ6Pyo/GaAx+JSHXTGEuxrg2AowVWCD9zy1eBolp5Ub7S1rTtsyQdxhPegfhLuR3VLiTKGw1tacv09g==",
      "license": "GPL-2.0-or-later"
    }
  }
}
